
Microsoft Visual Studio Solution File, Format Version 12.00
# Visual Studio Version 17
VisualStudioVersion = 17.7.34202.233
MinimumVisualStudioVersion = 10.0.40219.1
Project("{9A19103F-16F7-4668-BE54-9A1E7A4F7556}") = "DatasetCrop", "DatasetCrop\DatasetCrop.csproj", "{DE94EC7F-6F91-4652-BD08-6B651ACDB8B9}"
EndProject
Project("{2150E333-8FDC-42A3-9474-1A3956D46DE8}") = "Documents", "Documents", "{911E09DB-B0EA-499E-A52E-6FFD53C4E255}"
	ProjectSection(SolutionItems) = preProject
		..\documents\LICENSE.MD = ..\documents\LICENSE.MD
		..\README.MD = ..\README.MD
	EndProjectSection
EndProject
Global
	GlobalSection(SolutionConfigurationPlatforms) = preSolution
		Debug|Any CPU = Debug|Any CPU
		Release|Any CPU = Release|Any CPU
	EndGlobalSection
	GlobalSection(ProjectConfigurationPlatforms) = postSolution
		{DE94EC7F-6F91-4652-BD08-6B651ACDB8B9}.Debug|Any CPU.ActiveCfg = Debug|Any CPU
		{DE94EC7F-6F91-4652-BD08-6B651ACDB8B9}.Debug|Any CPU.Build.0 = Debug|Any CPU
		{DE94EC7F-6F91-4652-BD08-6B651ACDB8B9}.Release|Any CPU.ActiveCfg = Release|Any CPU
		{DE94EC7F-6F91-4652-BD08-6B651ACDB8B9}.Release|Any CPU.Build.0 = Release|Any CPU
	EndGlobalSection
	GlobalSection(SolutionProperties) = preSolution
		HideSolutionNode = FALSE
	EndGlobalSection
	GlobalSection(ExtensibilityGlobals) = postSolution
		SolutionGuid = {733E08BB-3C49-4977-8C8E-864D7ACFD5FF}
	EndGlobalSection
EndGlobal
